// !$*UTF8*$!
{
	archiveVersion = 1;
	classes = {
	};
	objectVersion = 77;
	objects = {

/* Begin PBXBuildFile section */
		068136FA7853A2251574FF31 /* RootView.swift in Sources */ = {isa = PBXBuildFile; fileRef = B00FC575C15D1FC08C386E3E /* RootView.swift */; };
		0C3E1DFA04AF1C8637B9CE66 /* LiveTVView.swift in Sources */ = {isa = PBXBuildFile; fileRef = 233DA00F7ADF3C35385B38D1 /* LiveTVView.swift */; };
		171FE8A4B289F204C75DDC28 /* PlaylistCache.swift in Sources */ = {isa = PBXBuildFile; fileRef = 5B0966A498372E5FF2DEC1A7 /* PlaylistCache.swift */; };
		1AE809DE8F6FCD04463A3A09 /* MovieDetailView.swift in Sources */ = {isa = PBXBuildFile; fileRef = 59CC380CBFFF3976CE874B57 /* MovieDetailView.swift */; };
		2AE3BBB4B395FCAF2F91D088 /* HomeView.swift in Sources */ = {isa = PBXBuildFile; fileRef = F9B443990D0DE0D87C694B04 /* HomeView.swift */; };
		2F61DD8BE07BC732C3C1A39B /* DeviceInfoView.swift in Sources */ = {isa = PBXBuildFile; fileRef = 23AD53101C88C3935A572D80 /* DeviceInfoView.swift */; };
		3265A6DF09766AF47A4634A5 /* DeviceManager.swift in Sources */ = {isa = PBXBuildFile; fileRef = 02424ED07E2345E8FEE76928 /* DeviceManager.swift */; };
		3565DED5B5F677EFDC63CB34 /* ChannelHealthManager.swift in Sources */ = {isa = PBXBuildFile; fileRef = 982D7813C33AD3CD1F313FAD /* ChannelHealthManager.swift */; };
		384CF2625095CDA17466588F /* Extensions.swift in Sources */ = {isa = PBXBuildFile; fileRef = 33E54D16CFBEA2671A756307 /* Extensions.swift */; };
		3DB514BF85F7328F7CCCECBC /* ProfilePickerView.swift in Sources */ = {isa = PBXBuildFile; fileRef = 79483C4D9354238377BC4B18 /* ProfilePickerView.swift */; };
		4070AE18279C2693AAE32266 /* AuthManager.swift in Sources */ = {isa = PBXBuildFile; fileRef = 44CD09BBC1D508CF1F26967D /* AuthManager.swift */; };
		432D8F57ED08184F94952F3A /* MoviesView.swift in Sources */ = {isa = PBXBuildFile; fileRef = 521BB1FB92D63A0234B463F2 /* MoviesView.swift */; };
		4C83593F06AEC0A781D5352B /* PlaylistHubApp.swift in Sources */ = {isa = PBXBuildFile; fileRef = 0DBD14A7EF24BBA3499A6C92 /* PlaylistHubApp.swift */; };
		4CB89FBAEBDE54A750B46237 /* PlaylistDetailView.swift in Sources */ = {isa = PBXBuildFile; fileRef = 0893EB466EF18043F0149485 /* PlaylistDetailView.swift */; };
		4CF0A7A5AFDBFC4412CD0439 /* AppConfig.swift in Sources */ = {isa = PBXBuildFile; fileRef = 79D87095ABF15472C7518312 /* AppConfig.swift */; };
		4EA15259EB6BDA9E89BDF160 /* SeriesView.swift in Sources */ = {isa = PBXBuildFile; fileRef = B771C2E95F74C0E9A62E444E /* SeriesView.swift */; };
		5115F334B1C32441F1B2184F /* DashboardView.swift in Sources */ = {isa = PBXBuildFile; fileRef = 01E46E374DE46C6DD0B85877 /* DashboardView.swift */; };
		58D66EC37D7D00C076F46C1E /* BuildInfo.swift in Sources */ = {isa = PBXBuildFile; fileRef = C1D70EF0595F56F8702826DA /* BuildInfo.swift */; };
		5F592323645FD4855A57AFB1 /* ThemeManager.swift in Sources */ = {isa = PBXBuildFile; fileRef = 8CEE276D84134D7B9A8B893B /* ThemeManager.swift */; };
		64541CBBEC9AFC638A6CA863 /* ProfileManager.swift in Sources */ = {isa = PBXBuildFile; fileRef = 93BC1FCA187ABB8E7620396B /* ProfileManager.swift */; };
		7A493F8893D1A1E127ABAD32 /* ImageCache.swift in Sources */ = {isa = PBXBuildFile; fileRef = 1C3149B3D0FB1ED1D81315FD /* ImageCache.swift */; };
		89E3B44B9C2F67987FF448A7 /* RemoteConfig.swift in Sources */ = {isa = PBXBuildFile; fileRef = EBF1BC6C8F9C244DB7CBE879 /* RemoteConfig.swift */; };
		B7C169D965E864F99B184B92 /* PlayerView.swift in Sources */ = {isa = PBXBuildFile; fileRef = 03B03BB81AD4CB797EB55479 /* PlayerView.swift */; };
		BC19BFF44FADABAF25BC6741 /* LoginView.swift in Sources */ = {isa = PBXBuildFile; fileRef = 678583869343B62DE3381494 /* LoginView.swift */; };
		C80E1B55970AC4382CBC18C7 /* KeychainHelper.swift in Sources */ = {isa = PBXBuildFile; fileRef = 8CDA21138AB82340B51337E1 /* KeychainHelper.swift */; };
		C882769DD3F87B30A6D00579 /* Supabase in Frameworks */ = {isa = PBXBuildFile; productRef = 865F83E4119C43ECCCD7E9FD /* Supabase */; };
		C924E28DAF04FC3EFB6A2D4A /* PlaylistsView.swift in Sources */ = {isa = PBXBuildFile; fileRef = 4595B55B474ADFEEF0A7BB75 /* PlaylistsView.swift */; };
		CC809025D1FB0EDEFA2C503D /* BrowsingMemory.swift in Sources */ = {isa = PBXBuildFile; fileRef = 3AFA899C80ACE050383B6904 /* BrowsingMemory.swift */; };
		DBE559C25971769129324AEE /* SplashView.swift in Sources */ = {isa = PBXBuildFile; fileRef = A16A13EF96F0187ACFC70B2A /* SplashView.swift */; };
		E94BE6D8FD123625648F4304 /* SupabaseManager.swift in Sources */ = {isa = PBXBuildFile; fileRef = BB231FECDEB482DBE4A39EEB /* SupabaseManager.swift */; };
		E95AD179054FE17FFEC18A89 /* SettingsView.swift in Sources */ = {isa = PBXBuildFile; fileRef = D5A218A5C63769BD1CFFAB98 /* SettingsView.swift */; };
		EAB7DE81375B4DB6185C79C7 /* Models.swift in Sources */ = {isa = PBXBuildFile; fileRef = 19EF0021CCCFE128DD6232AB /* Models.swift */; };
		ED3CE299AB2013DD8821CEF8 /* DataService.swift in Sources */ = {isa = PBXBuildFile; fileRef = EF388B01C376C5E4B72CF928 /* DataService.swift */; };
		ED519D0C51D4C3981A5FFA7C /* ChannelFavoritesManager.swift in Sources */ = {isa = PBXBuildFile; fileRef = D9DC2C26F0671B00EBBB2D0D /* ChannelFavoritesManager.swift */; };
		FF4257811E55978FCC57C7B9 /* WatchHistoryManager.swift in Sources */ = {isa = PBXBuildFile; fileRef = B21EAD68AC39E3521C66C393 /* WatchHistoryManager.swift */; };
/* End PBXBuildFile section */

/* Begin PBXFileReference section */
		01E46E374DE46C6DD0B85877 /* DashboardView.swift */ = {isa = PBXFileReference; lastKnownFileType = sourcecode.swift; path = DashboardView.swift; sourceTree = "<group>"; };
		02424ED07E2345E8FEE76928 /* DeviceManager.swift */ = {isa = PBXFileReference; lastKnownFileType = sourcecode.swift; path = DeviceManager.swift; sourceTree = "<group>"; };
		03B03BB81AD4CB797EB55479 /* PlayerView.swift */ = {isa = PBXFileReference; lastKnownFileType = sourcecode.swift; path = PlayerView.swift; sourceTree = "<group>"; };
		0893EB466EF18043F0149485 /* PlaylistDetailView.swift */ = {isa = PBXFileReference; lastKnownFileType = sourcecode.swift; path = PlaylistDetailView.swift; sourceTree = "<group>"; };
		0DBD14A7EF24BBA3499A6C92 /* PlaylistHubApp.swift */ = {isa = PBXFileReference; lastKnownFileType = sourcecode.swift; path = PlaylistHubApp.swift; sourceTree = "<group>"; };
		19EF0021CCCFE128DD6232AB /* Models.swift */ = {isa = PBXFileReference; lastKnownFileType = sourcecode.swift; path = Models.swift; sourceTree = "<group>"; };
		1C3149B3D0FB1ED1D81315FD /* ImageCache.swift */ = {isa = PBXFileReference; lastKnownFileType = sourcecode.swift; path = ImageCache.swift; sourceTree = "<group>"; };
		233DA00F7ADF3C35385B38D1 /* LiveTVView.swift */ = {isa = PBXFileReference; lastKnownFileType = sourcecode.swift; path = LiveTVView.swift; sourceTree = "<group>"; };
		23AD53101C88C3935A572D80 /* DeviceInfoView.swift */ = {isa = PBXFileReference; lastKnownFileType = sourcecode.swift; path = DeviceInfoView.swift; sourceTree = "<group>"; };
		30DAEBF3548C6795AF53D58B /* PlaylistHub.app */ = {isa = PBXFileReference; explicitFileType = wrapper.application; includeInIndex = 0; path = PlaylistHub.app; sourceTree = BUILT_PRODUCTS_DIR; };
		33E54D16CFBEA2671A756307 /* Extensions.swift */ = {isa = PBXFileReference; lastKnownFileType = sourcecode.swift; path = Extensions.swift; sourceTree = "<group>"; };
		3AFA899C80ACE050383B6904 /* BrowsingMemory.swift */ = {isa = PBXFileReference; lastKnownFileType = sourcecode.swift; path = BrowsingMemory.swift; sourceTree = "<group>"; };
		44CD09BBC1D508CF1F26967D /* AuthManager.swift */ = {isa = PBXFileReference; lastKnownFileType = sourcecode.swift; path = AuthManager.swift; sourceTree = "<group>"; };
		4595B55B474ADFEEF0A7BB75 /* PlaylistsView.swift */ = {isa = PBXFileReference; lastKnownFileType = sourcecode.swift; path = PlaylistsView.swift; sourceTree = "<group>"; };
		521BB1FB92D63A0234B463F2 /* MoviesView.swift */ = {isa = PBXFileReference; lastKnownFileType = sourcecode.swift; path = MoviesView.swift; sourceTree = "<group>"; };
		59CC380CBFFF3976CE874B57 /* MovieDetailView.swift */ = {isa = PBXFileReference; lastKnownFileType = sourcecode.swift; path = MovieDetailView.swift; sourceTree = "<group>"; };
		5B0966A498372E5FF2DEC1A7 /* PlaylistCache.swift */ = {isa = PBXFileReference; lastKnownFileType = sourcecode.swift; path = PlaylistCache.swift; sourceTree = "<group>"; };
		678583869343B62DE3381494 /* LoginView.swift */ = {isa = PBXFileReference; lastKnownFileType = sourcecode.swift; path = LoginView.swift; sourceTree = "<group>"; };
		7718A1F100440D6ADC5E688E /* Info.plist */ = {isa = PBXFileReference; lastKnownFileType = text.plist; path = Info.plist; sourceTree = "<group>"; };
		79483C4D9354238377BC4B18 /* ProfilePickerView.swift */ = {isa = PBXFileReference; lastKnownFileType = sourcecode.swift; path = ProfilePickerView.swift; sourceTree = "<group>"; };
		79D87095ABF15472C7518312 /* AppConfig.swift */ = {isa = PBXFileReference; lastKnownFileType = sourcecode.swift; path = AppConfig.swift; sourceTree = "<group>"; };
		8CDA21138AB82340B51337E1 /* KeychainHelper.swift */ = {isa = PBXFileReference; lastKnownFileType = sourcecode.swift; path = KeychainHelper.swift; sourceTree = "<group>"; };
		8CEE276D84134D7B9A8B893B /* ThemeManager.swift */ = {isa = PBXFileReference; lastKnownFileType = sourcecode.swift; path = ThemeManager.swift; sourceTree = "<group>"; };
		93BC1FCA187ABB8E7620396B /* ProfileManager.swift */ = {isa = PBXFileReference; lastKnownFileType = sourcecode.swift; path = ProfileManager.swift; sourceTree = "<group>"; };
		982D7813C33AD3CD1F313FAD /* ChannelHealthManager.swift */ = {isa = PBXFileReference; lastKnownFileType = sourcecode.swift; path = ChannelHealthManager.swift; sourceTree = "<group>"; };
		A16A13EF96F0187ACFC70B2A /* SplashView.swift */ = {isa = PBXFileReference; lastKnownFileType = sourcecode.swift; path = SplashView.swift; sourceTree = "<group>"; };
		B00FC575C15D1FC08C386E3E /* RootView.swift */ = {isa = PBXFileReference; lastKnownFileType = sourcecode.swift; path = RootView.swift; sourceTree = "<group>"; };
		B21EAD68AC39E3521C66C393 /* WatchHistoryManager.swift */ = {isa = PBXFileReference; lastKnownFileType = sourcecode.swift; path = WatchHistoryManager.swift; sourceTree = "<group>"; };
		B771C2E95F74C0E9A62E444E /* SeriesView.swift */ = {isa = PBXFileReference; lastKnownFileType = sourcecode.swift; path = SeriesView.swift; sourceTree = "<group>"; };
		BB231FECDEB482DBE4A39EEB /* SupabaseManager.swift */ = {isa = PBXFileReference; lastKnownFileType = sourcecode.swift; path = SupabaseManager.swift; sourceTree = "<group>"; };
		C1D70EF0595F56F8702826DA /* BuildInfo.swift */ = {isa = PBXFileReference; lastKnownFileType = sourcecode.swift; path = BuildInfo.swift; sourceTree = "<group>"; };
		D5A218A5C63769BD1CFFAB98 /* SettingsView.swift */ = {isa = PBXFileReference; lastKnownFileType = sourcecode.swift; path = SettingsView.swift; sourceTree = "<group>"; };
		D9DC2C26F0671B00EBBB2D0D /* ChannelFavoritesManager.swift */ = {isa = PBXFileReference; lastKnownFileType = sourcecode.swift; path = ChannelFavoritesManager.swift; sourceTree = "<group>"; };
		EBF1BC6C8F9C244DB7CBE879 /* RemoteConfig.swift */ = {isa = PBXFileReference; lastKnownFileType = sourcecode.swift; path = RemoteConfig.swift; sourceTree = "<group>"; };
		EF388B01C376C5E4B72CF928 /* DataService.swift */ = {isa = PBXFileReference; lastKnownFileType = sourcecode.swift; path = DataService.swift; sourceTree = "<group>"; };
		F9B443990D0DE0D87C694B04 /* HomeView.swift */ = {isa = PBXFileReference; lastKnownFileType = sourcecode.swift; path = HomeView.swift; sourceTree = "<group>"; };
/* End PBXFileReference section */

/* Begin PBXFrameworksBuildPhase section */
		7C0E18DB775DCFB9D5CD467D /* Frameworks */ = {
			isa = PBXFrameworksBuildPhase;
			buildActionMask = 2147483647;
			files = (
				C882769DD3F87B30A6D00579 /* Supabase in Frameworks */,
			);
			runOnlyForDeploymentPostprocessing = 0;
		};
/* End PBXFrameworksBuildPhase section */

/* Begin PBXGroup section */
		083E981A8D55C1AF6E974205 /* Playlists */ = {
			isa = PBXGroup;
			children = (
				EAA100E8F4404DD81D25BF50 /* Views */,
			);
			path = Playlists;
			sourceTree = "<group>";
		};
		09A81D608DF04367DAAB02A3 /* Features */ = {
			isa = PBXGroup;
			children = (
				2FB1747C82BB5C113B890DE7 /* Auth */,
				4EA7636F1ED5CB50546AB03A /* Dashboard */,
				518FE73713C7389BD0A7B29E /* Home */,
				FA92A59412BC6C8263B61FFD /* LiveTV */,
				EFBD7C05393BACB0B3016D50 /* Movies */,
				8E0C03F6FCA444C52FB07479 /* Player */,
				083E981A8D55C1AF6E974205 /* Playlists */,
				A709C65073A722CE9877A13F /* Profiles */,
				AF59A71CFEA3519E69C8135A /* Series */,
				AA0338013C7420CA9BBA4664 /* Settings */,
			);
			path = Features;
			sourceTree = "<group>";
		};
		10F3DC4C9D72DEFCDF7571ED /* Models */ = {
			isa = PBXGroup;
			children = (
				19EF0021CCCFE128DD6232AB /* Models.swift */,
			);
			path = Models;
			sourceTree = "<group>";
		};
		209720822DF07DCC2E3F16FF /* Components */ = {
			isa = PBXGroup;
			children = (
			);
			path = Components;
			sourceTree = "<group>";
		};
		24C8E0B9CB81EAC65B7337F2 /* Views */ = {
			isa = PBXGroup;
			children = (
				23AD53101C88C3935A572D80 /* DeviceInfoView.swift */,
				D5A218A5C63769BD1CFFAB98 /* SettingsView.swift */,
			);
			path = Views;
			sourceTree = "<group>";
		};
		2FB1747C82BB5C113B890DE7 /* Auth */ = {
			isa = PBXGroup;
			children = (
				8B1216372826CA6966150E23 /* Views */,
			);
			path = Auth;
			sourceTree = "<group>";
		};
		3E33D7BC9413BA4CC9225B55 /* Products */ = {
			isa = PBXGroup;
			children = (
				30DAEBF3548C6795AF53D58B /* PlaylistHub.app */,
			);
			name = Products;
			sourceTree = "<group>";
		};
		47C27B1CEA0E2E67FA9C373A /* Resources */ = {
			isa = PBXGroup;
			children = (
			);
			path = Resources;
			sourceTree = "<group>";
		};
		4EA7636F1ED5CB50546AB03A /* Dashboard */ = {
			isa = PBXGroup;
			children = (
				F5565D79B299E329083F19FE /* Views */,
			);
			path = Dashboard;
			sourceTree = "<group>";
		};
		518FE73713C7389BD0A7B29E /* Home */ = {
			isa = PBXGroup;
			children = (
				5B815971B8B266DBD049E252 /* Views */,
			);
			path = Home;
			sourceTree = "<group>";
		};
		5AF08A1A1B3F4BBDB74588F1 /* Extensions */ = {
			isa = PBXGroup;
			children = (
				33E54D16CFBEA2671A756307 /* Extensions.swift */,
			);
			path = Extensions;
			sourceTree = "<group>";
		};
		5B815971B8B266DBD049E252 /* Views */ = {
			isa = PBXGroup;
			children = (
				F9B443990D0DE0D87C694B04 /* HomeView.swift */,
			);
			path = Views;
			sourceTree = "<group>";
		};
		5BB937AB17D64BDDFD60D906 = {
			isa = PBXGroup;
			children = (
				69D88D2BC2358E08DBE4DA09 /* PlaylistHub */,
				3E33D7BC9413BA4CC9225B55 /* Products */,
			);
			sourceTree = "<group>";
		};
		616DC59B90C3DA2D29E38755 /* Views */ = {
			isa = PBXGroup;
			children = (
				B771C2E95F74C0E9A62E444E /* SeriesView.swift */,
			);
			path = Views;
			sourceTree = "<group>";
		};
		69D88D2BC2358E08DBE4DA09 /* PlaylistHub */ = {
			isa = PBXGroup;
			children = (
				CC8FAD715DB372E367E7A00B /* App */,
				209720822DF07DCC2E3F16FF /* Components */,
				6E70124ED1A676A2FE786F50 /* Core */,
				09A81D608DF04367DAAB02A3 /* Features */,
				47C27B1CEA0E2E67FA9C373A /* Resources */,
				7718A1F100440D6ADC5E688E /* Info.plist */,
			);
			path = PlaylistHub;
			sourceTree = "<group>";
		};
		6E70124ED1A676A2FE786F50 /* Core */ = {
			isa = PBXGroup;
			children = (
				5AF08A1A1B3F4BBDB74588F1 /* Extensions */,
				10F3DC4C9D72DEFCDF7571ED /* Models */,
				8CD9B9C68A7777048399741A /* Services */,
				CF41BF5A2B9324D07E25B631 /* Theme */,
			);
			path = Core;
			sourceTree = "<group>";
		};
		8B1216372826CA6966150E23 /* Views */ = {
			isa = PBXGroup;
			children = (
				678583869343B62DE3381494 /* LoginView.swift */,
				A16A13EF96F0187ACFC70B2A /* SplashView.swift */,
			);
			path = Views;
			sourceTree = "<group>";
		};
		8CD9B9C68A7777048399741A /* Services */ = {
			isa = PBXGroup;
			children = (
				44CD09BBC1D508CF1F26967D /* AuthManager.swift */,
				3AFA899C80ACE050383B6904 /* BrowsingMemory.swift */,
				C1D70EF0595F56F8702826DA /* BuildInfo.swift */,
				D9DC2C26F0671B00EBBB2D0D /* ChannelFavoritesManager.swift */,
				982D7813C33AD3CD1F313FAD /* ChannelHealthManager.swift */,
				EF388B01C376C5E4B72CF928 /* DataService.swift */,
				02424ED07E2345E8FEE76928 /* DeviceManager.swift */,
				1C3149B3D0FB1ED1D81315FD /* ImageCache.swift */,
				8CDA21138AB82340B51337E1 /* KeychainHelper.swift */,
				5B0966A498372E5FF2DEC1A7 /* PlaylistCache.swift */,
				EBF1BC6C8F9C244DB7CBE879 /* RemoteConfig.swift */,
				BB231FECDEB482DBE4A39EEB /* SupabaseManager.swift */,
				B21EAD68AC39E3521C66C393 /* WatchHistoryManager.swift */,
			);
			path = Services;
			sourceTree = "<group>";
		};
		8E0C03F6FCA444C52FB07479 /* Player */ = {
			isa = PBXGroup;
			children = (
				D4452547C75067953C4C8BC3 /* Views */,
			);
			path = Player;
			sourceTree = "<group>";
		};
		9C149E9DEEACDE705E5602EF /* Views */ = {
			isa = PBXGroup;
			children = (
				233DA00F7ADF3C35385B38D1 /* LiveTVView.swift */,
			);
			path = Views;
			sourceTree = "<group>";
		};
		A709C65073A722CE9877A13F /* Profiles */ = {
			isa = PBXGroup;
			children = (
				E5826BA36259A5F801367AB8 /* Views */,
				93BC1FCA187ABB8E7620396B /* ProfileManager.swift */,
			);
			path = Profiles;
			sourceTree = "<group>";
		};
		AA0338013C7420CA9BBA4664 /* Settings */ = {
			isa = PBXGroup;
			children = (
				24C8E0B9CB81EAC65B7337F2 /* Views */,
			);
			path = Settings;
			sourceTree = "<group>";
		};
		AF59A71CFEA3519E69C8135A /* Series */ = {
			isa = PBXGroup;
			children = (
				616DC59B90C3DA2D29E38755 /* Views */,
			);
			path = Series;
			sourceTree = "<group>";
		};
		BFD5AAE54C0C57B45A19F34A /* Views */ = {
			isa = PBXGroup;
			children = (
				59CC380CBFFF3976CE874B57 /* MovieDetailView.swift */,
				521BB1FB92D63A0234B463F2 /* MoviesView.swift */,
			);
			path = Views;
			sourceTree = "<group>";
		};
		CC8FAD715DB372E367E7A00B /* App */ = {
			isa = PBXGroup;
			children = (
				79D87095ABF15472C7518312 /* AppConfig.swift */,
				0DBD14A7EF24BBA3499A6C92 /* PlaylistHubApp.swift */,
				B00FC575C15D1FC08C386E3E /* RootView.swift */,
			);
			path = App;
			sourceTree = "<group>";
		};
		CF41BF5A2B9324D07E25B631 /* Theme */ = {
			isa = PBXGroup;
			children = (
				8CEE276D84134D7B9A8B893B /* ThemeManager.swift */,
			);
			path = Theme;
			sourceTree = "<group>";
		};
		D4452547C75067953C4C8BC3 /* Views */ = {
			isa = PBXGroup;
			children = (
				03B03BB81AD4CB797EB55479 /* PlayerView.swift */,
			);
			path = Views;
			sourceTree = "<group>";
		};
		E5826BA36259A5F801367AB8 /* Views */ = {
			isa = PBXGroup;
			children = (
				79483C4D9354238377BC4B18 /* ProfilePickerView.swift */,
			);
			path = Views;
			sourceTree = "<group>";
		};
		EAA100E8F4404DD81D25BF50 /* Views */ = {
			isa = PBXGroup;
			children = (
				0893EB466EF18043F0149485 /* PlaylistDetailView.swift */,
				4595B55B474ADFEEF0A7BB75 /* PlaylistsView.swift */,
			);
			path = Views;
			sourceTree = "<group>";
		};
		EFBD7C05393BACB0B3016D50 /* Movies */ = {
			isa = PBXGroup;
			children = (
				BFD5AAE54C0C57B45A19F34A /* Views */,
			);
			path = Movies;
			sourceTree = "<group>";
		};
		F5565D79B299E329083F19FE /* Views */ = {
			isa = PBXGroup;
			children = (
				01E46E374DE46C6DD0B85877 /* DashboardView.swift */,
			);
			path = Views;
			sourceTree = "<group>";
		};
		FA92A59412BC6C8263B61FFD /* LiveTV */ = {
			isa = PBXGroup;
			children = (
				9C149E9DEEACDE705E5602EF /* Views */,
			);
			path = LiveTV;
			sourceTree = "<group>";
		};
/* End PBXGroup section */

/* Begin PBXNativeTarget section */
		D64152630130ED79400E7374 /* PlaylistHub */ = {
			isa = PBXNativeTarget;
			buildConfigurationList = 4C63B8DCAAE8F58279C8C55E /* Build configuration list for PBXNativeTarget "PlaylistHub" */;
			buildPhases = (
				6073F6C76932AEDE5CBD8C38 /* Sources */,
				7C0E18DB775DCFB9D5CD467D /* Frameworks */,
			);
			buildRules = (
			);
			dependencies = (
			);
			name = PlaylistHub;
			packageProductDependencies = (
				865F83E4119C43ECCCD7E9FD /* Supabase */,
			);
			productName = PlaylistHub;
			productReference = 30DAEBF3548C6795AF53D58B /* PlaylistHub.app */;
			productType = "com.apple.product-type.application";
		};
/* End PBXNativeTarget section */

/* Begin PBXProject section */
		EABEC68CF677996934CBBD05 /* Project object */ = {
			isa = PBXProject;
			attributes = {
				BuildIndependentTargetsInParallel = YES;
				LastUpgradeCheck = 1500;
				TargetAttributes = {
					D64152630130ED79400E7374 = {
						ProvisioningStyle = Automatic;
					};
				};
			};
			buildConfigurationList = DBAEA81D3B048897B329ED6C /* Build configuration list for PBXProject "PlaylistHub" */;
			developmentRegion = en;
			hasScannedForEncodings = 0;
			knownRegions = (
				Base,
				en,
			);
			mainGroup = 5BB937AB17D64BDDFD60D906;
			minimizedProjectReferenceProxies = 1;
			packageReferences = (
				45EC4845A4475022D83594D0 /* XCRemoteSwiftPackageReference "supabase-swift" */,
			);
			preferredProjectObjectVersion = 77;
			productRefGroup = 3E33D7BC9413BA4CC9225B55 /* Products */;
			projectDirPath = "";
			projectRoot = "";
			targets = (
				D64152630130ED79400E7374 /* PlaylistHub */,
			);
		};
/* End PBXProject section */

/* Begin PBXSourcesBuildPhase section */
		6073F6C76932AEDE5CBD8C38 /* Sources */ = {
			isa = PBXSourcesBuildPhase;
			buildActionMask = 2147483647;
			files = (
				4CF0A7A5AFDBFC4412CD0439 /* AppConfig.swift in Sources */,
				4070AE18279C2693AAE32266 /* AuthManager.swift in Sources */,
				CC809025D1FB0EDEFA2C503D /* BrowsingMemory.swift in Sources */,
				58D66EC37D7D00C076F46C1E /* BuildInfo.swift in Sources */,
				ED519D0C51D4C3981A5FFA7C /* ChannelFavoritesManager.swift in Sources */,
				3565DED5B5F677EFDC63CB34 /* ChannelHealthManager.swift in Sources */,
				5115F334B1C32441F1B2184F /* DashboardView.swift in Sources */,
				ED3CE299AB2013DD8821CEF8 /* DataService.swift in Sources */,
				2F61DD8BE07BC732C3C1A39B /* DeviceInfoView.swift in Sources */,
				3265A6DF09766AF47A4634A5 /* DeviceManager.swift in Sources */,
				384CF2625095CDA17466588F /* Extensions.swift in Sources */,
				2AE3BBB4B395FCAF2F91D088 /* HomeView.swift in Sources */,
				7A493F8893D1A1E127ABAD32 /* ImageCache.swift in Sources */,
				C80E1B55970AC4382CBC18C7 /* KeychainHelper.swift in Sources */,
				0C3E1DFA04AF1C8637B9CE66 /* LiveTVView.swift in Sources */,
				BC19BFF44FADABAF25BC6741 /* LoginView.swift in Sources */,
				EAB7DE81375B4DB6185C79C7 /* Models.swift in Sources */,
				1AE809DE8F6FCD04463A3A09 /* MovieDetailView.swift in Sources */,
				432D8F57ED08184F94952F3A /* MoviesView.swift in Sources */,
				B7C169D965E864F99B184B92 /* PlayerView.swift in Sources */,
				171FE8A4B289F204C75DDC28 /* PlaylistCache.swift in Sources */,
				4CB89FBAEBDE54A750B46237 /* PlaylistDetailView.swift in Sources */,
				4C83593F06AEC0A781D5352B /* PlaylistHubApp.swift in Sources */,
				C924E28DAF04FC3EFB6A2D4A /* PlaylistsView.swift in Sources */,
				64541CBBEC9AFC638A6CA863 /* ProfileManager.swift in Sources */,
				3DB514BF85F7328F7CCCECBC /* ProfilePickerView.swift in Sources */,
				89E3B44B9C2F67987FF448A7 /* RemoteConfig.swift in Sources */,
				068136FA7853A2251574FF31 /* RootView.swift in Sources */,
				4EA15259EB6BDA9E89BDF160 /* SeriesView.swift in Sources */,
				E95AD179054FE17FFEC18A89 /* SettingsView.swift in Sources */,
				DBE559C25971769129324AEE /* SplashView.swift in Sources */,
				E94BE6D8FD123625648F4304 /* SupabaseManager.swift in Sources */,
				5F592323645FD4855A57AFB1 /* ThemeManager.swift in Sources */,
				FF4257811E55978FCC57C7B9 /* WatchHistoryManager.swift in Sources */,
			);
			runOnlyForDeploymentPostprocessing = 0;
		};
/* End PBXSourcesBuildPhase section */

/* Begin XCBuildConfiguration section */
		0DBA403C3621067B1B9DEB85 /* Release */ = {
			isa = XCBuildConfiguration;
			buildSettings = {
				ASSETCATALOG_COMPILER_APPICON_NAME = AppIcon;
				ASSETCATALOG_COMPILER_GLOBAL_ACCENT_COLOR_NAME = AccentColor;
				CODE_SIGN_IDENTITY = "iPhone Developer";
				CODE_SIGN_STYLE = Automatic;
				CURRENT_PROJECT_VERSION = 2;
				DEVELOPMENT_TEAM = 3227J7CBXY;
				INFOPLIST_FILE = PlaylistHub/Info.plist;
				LD_RUNPATH_SEARCH_PATHS = (
					"$(inherited)",
					"@executable_path/Frameworks",
				);
				MARKETING_VERSION = 1.0.0;
				PRODUCT_BUNDLE_IDENTIFIER = com.playlisthub.app;
				SDKROOT = iphoneos;
				SWIFT_EMIT_LOC_STRINGS = YES;
				TARGETED_DEVICE_FAMILY = "1,2";
			};
			name = Release;
		};
		9A04F496A8427778A455B954 /* Debug */ = {
			isa = XCBuildConfiguration;
			buildSettings = {
				ASSETCATALOG_COMPILER_APPICON_NAME = AppIcon;
				ASSETCATALOG_COMPILER_GLOBAL_ACCENT_COLOR_NAME = AccentColor;
				CODE_SIGN_IDENTITY = "iPhone Developer";
				CODE_SIGN_STYLE = Automatic;
				CURRENT_PROJECT_VERSION = 2;
				DEVELOPMENT_TEAM = 3227J7CBXY;
				INFOPLIST_FILE = PlaylistHub/Info.plist;
				LD_RUNPATH_SEARCH_PATHS = (
					"$(inherited)",
					"@executable_path/Frameworks",
				);
				MARKETING_VERSION = 1.0.0;
				PRODUCT_BUNDLE_IDENTIFIER = com.playlisthub.app;
				SDKROOT = iphoneos;
				SWIFT_EMIT_LOC_STRINGS = YES;
				TARGETED_DEVICE_FAMILY = "1,2";
			};
			name = Debug;
		};
		9F6BA0658ADBF127D3281A88 /* Debug */ = {
			isa = XCBuildConfiguration;
			buildSettings = {
				ALWAYS_SEARCH_USER_PATHS = NO;
				CLANG_ANALYZER_NONNULL = YES;
				CLANG_ANALYZER_NUMBER_OBJECT_CONVERSION = YES_AGGRESSIVE;
				CLANG_CXX_LANGUAGE_STANDARD = "gnu++14";
				CLANG_CXX_LIBRARY = "libc++";
				CLANG_ENABLE_MODULES = YES;
				CLANG_ENABLE_OBJC_ARC = YES;
				CLANG_ENABLE_OBJC_WEAK = YES;
				CLANG_WARN_BLOCK_CAPTURE_AUTORELEASING = YES;
				CLANG_WARN_BOOL_CONVERSION = YES;
				CLANG_WARN_COMMA = YES;
				CLANG_WARN_CONSTANT_CONVERSION = YES;
				CLANG_WARN_DEPRECATED_OBJC_IMPLEMENTATIONS = YES;
				CLANG_WARN_DIRECT_OBJC_ISA_USAGE = YES_ERROR;
				CLANG_WARN_DOCUMENTATION_COMMENTS = YES;
				CLANG_WARN_EMPTY_BODY = YES;
				CLANG_WARN_ENUM_CONVERSION = YES;
				CLANG_WARN_INFINITE_RECURSION = YES;
				CLANG_WARN_INT_CONVERSION = YES;
				CLANG_WARN_NON_LITERAL_NULL_CONVERSION = YES;
				CLANG_WARN_OBJC_IMPLICIT_RETAIN_SELF = YES;
				CLANG_WARN_OBJC_LITERAL_CONVERSION = YES;
				CLANG_WARN_OBJC_ROOT_CLASS = YES_ERROR;
				CLANG_WARN_QUOTED_INCLUDE_IN_FRAMEWORK_HEADER = YES;
				CLANG_WARN_RANGE_LOOP_ANALYSIS = YES;
				CLANG_WARN_STRICT_PROTOTYPES = YES;
				CLANG_WARN_SUSPICIOUS_MOVE = YES;
				CLANG_WARN_UNGUARDED_AVAILABILITY = YES_AGGRESSIVE;
				CLANG_WARN_UNREACHABLE_CODE = YES;
				CLANG_WARN__DUPLICATE_METHOD_MATCH = YES;
				COPY_PHASE_STRIP = NO;
				DEBUG_INFORMATION_FORMAT = dwarf;
				ENABLE_STRICT_OBJC_MSGSEND = YES;
				ENABLE_TESTABILITY = YES;
				GCC_C_LANGUAGE_STANDARD = gnu11;
				GCC_DYNAMIC_NO_PIC = NO;
				GCC_NO_COMMON_BLOCKS = YES;
				GCC_OPTIMIZATION_LEVEL = 0;
				GCC_PREPROCESSOR_DEFINITIONS = (
					"$(inherited)",
					"DEBUG=1",
				);
				GCC_WARN_64_TO_32_BIT_CONVERSION = YES;
				GCC_WARN_ABOUT_RETURN_TYPE = YES_ERROR;
				GCC_WARN_UNDECLARED_SELECTOR = YES;
				GCC_WARN_UNINITIALIZED_AUTOS = YES_AGGRESSIVE;
				GCC_WARN_UNUSED_FUNCTION = YES;
				GCC_WARN_UNUSED_VARIABLE = YES;
				IPHONEOS_DEPLOYMENT_TARGET = 17.0;
				MTL_ENABLE_DEBUG_INFO = INCLUDE_SOURCE;
				MTL_FAST_MATH = YES;
				ONLY_ACTIVE_ARCH = YES;
				PRODUCT_NAME = "$(TARGET_NAME)";
				SDKROOT = iphoneos;
				SWIFT_ACTIVE_COMPILATION_CONDITIONS = DEBUG;
				SWIFT_OPTIMIZATION_LEVEL = "-Onone";
				SWIFT_VERSION = 5.9;
			};
			name = Debug;
		};
		AD5DD1BA4CF2ACA957279581 /* Release */ = {
			isa = XCBuildConfiguration;
			buildSettings = {
				ALWAYS_SEARCH_USER_PATHS = NO;
				CLANG_ANALYZER_NONNULL = YES;
				CLANG_ANALYZER_NUMBER_OBJECT_CONVERSION = YES_AGGRESSIVE;
				CLANG_CXX_LANGUAGE_STANDARD = "gnu++14";
				CLANG_CXX_LIBRARY = "libc++";
				CLANG_ENABLE_MODULES = YES;
				CLANG_ENABLE_OBJC_ARC = YES;
				CLANG_ENABLE_OBJC_WEAK = YES;
				CLANG_WARN_BLOCK_CAPTURE_AUTORELEASING = YES;
				CLANG_WARN_BOOL_CONVERSION = YES;
				CLANG_WARN_COMMA = YES;
				CLANG_WARN_CONSTANT_CONVERSION = YES;
				CLANG_WARN_DEPRECATED_OBJC_IMPLEMENTATIONS = YES;
				CLANG_WARN_DIRECT_OBJC_ISA_USAGE = YES_ERROR;
				CLANG_WARN_DOCUMENTATION_COMMENTS = YES;
				CLANG_WARN_EMPTY_BODY = YES;
				CLANG_WARN_ENUM_CONVERSION = YES;
				CLANG_WARN_INFINITE_RECURSION = YES;
				CLANG_WARN_INT_CONVERSION = YES;
				CLANG_WARN_NON_LITERAL_NULL_CONVERSION = YES;
				CLANG_WARN_OBJC_IMPLICIT_RETAIN_SELF = YES;
				CLANG_WARN_OBJC_LITERAL_CONVERSION = YES;
				CLANG_WARN_OBJC_ROOT_CLASS = YES_ERROR;
				CLANG_WARN_QUOTED_INCLUDE_IN_FRAMEWORK_HEADER = YES;
				CLANG_WARN_RANGE_LOOP_ANALYSIS = YES;
				CLANG_WARN_STRICT_PROTOTYPES = YES;
				CLANG_WARN_SUSPICIOUS_MOVE = YES;
				CLANG_WARN_UNGUARDED_AVAILABILITY = YES_AGGRESSIVE;
				CLANG_WARN_UNREACHABLE_CODE = YES;
				CLANG_WARN__DUPLICATE_METHOD_MATCH = YES;
				COPY_PHASE_STRIP = NO;
				DEBUG_INFORMATION_FORMAT = "dwarf-with-dsym";
				ENABLE_NS_ASSERTIONS = NO;
				ENABLE_STRICT_OBJC_MSGSEND = YES;
				GCC_C_LANGUAGE_STANDARD = gnu11;
				GCC_NO_COMMON_BLOCKS = YES;
				GCC_WARN_64_TO_32_BIT_CONVERSION = YES;
				GCC_WARN_ABOUT_RETURN_TYPE = YES_ERROR;
				GCC_WARN_UNDECLARED_SELECTOR = YES;
				GCC_WARN_UNINITIALIZED_AUTOS = YES_AGGRESSIVE;
				GCC_WARN_UNUSED_FUNCTION = YES;
				GCC_WARN_UNUSED_VARIABLE = YES;
				IPHONEOS_DEPLOYMENT_TARGET = 17.0;
				MTL_ENABLE_DEBUG_INFO = NO;
				MTL_FAST_MATH = YES;
				PRODUCT_NAME = "$(TARGET_NAME)";
				SDKROOT = iphoneos;
				SWIFT_COMPILATION_MODE = wholemodule;
				SWIFT_OPTIMIZATION_LEVEL = "-O";
				SWIFT_VERSION = 5.9;
			};
			name = Release;
		};
/* End XCBuildConfiguration section */

/* Begin XCConfigurationList section */
		4C63B8DCAAE8F58279C8C55E /* Build configuration list for PBXNativeTarget "PlaylistHub" */ = {
			isa = XCConfigurationList;
			buildConfigurations = (
				9A04F496A8427778A455B954 /* Debug */,
				0DBA403C3621067B1B9DEB85 /* Release */,
			);
			defaultConfigurationIsVisible = 0;
			defaultConfigurationName = Debug;
		};
		DBAEA81D3B048897B329ED6C /* Build configuration list for PBXProject "PlaylistHub" */ = {
			isa = XCConfigurationList;
			buildConfigurations = (
				9F6BA0658ADBF127D3281A88 /* Debug */,
				AD5DD1BA4CF2ACA957279581 /* Release */,
			);
			defaultConfigurationIsVisible = 0;
			defaultConfigurationName = Debug;
		};
/* End XCConfigurationList section */

/* Begin XCRemoteSwiftPackageReference section */
		45EC4845A4475022D83594D0 /* XCRemoteSwiftPackageReference "supabase-swift" */ = {
			isa = XCRemoteSwiftPackageReference;
			repositoryURL = "https://github.com/supabase/supabase-swift.git";
			requirement = {
				kind = upToNextMajorVersion;
				minimumVersion = 2.0.0;
			};
		};
/* End XCRemoteSwiftPackageReference section */

/* Begin XCSwiftPackageProductDependency section */
		865F83E4119C43ECCCD7E9FD /* Supabase */ = {
			isa = XCSwiftPackageProductDependency;
			package = 45EC4845A4475022D83594D0 /* XCRemoteSwiftPackageReference "supabase-swift" */;
			productName = Supabase;
		};
/* End XCSwiftPackageProductDependency section */
	};
	rootObject = EABEC68CF677996934CBBD05 /* Project object */;
}
